
Microsoft Visual Studio Solution File, Format Version 12.00
# Visual Studio Version 17
VisualStudioVersion = 17.9.34728.123
MinimumVisualStudioVersion = 10.0.40219.1
Project("{FAE04EC0-301F-11D3-BF4B-00C04F79EFBC}") = "LibraryAPI", "LibraryAPI\LibraryAPI.csproj", "{9397F781-3BBE-45EA-8FFB-78C85F15E327}"
EndProject
Global
	GlobalSection(SolutionConfigurationPlatforms) = preSolution
		Debug|Any CPU = Debug|Any CPU
		Release|Any CPU = Release|Any CPU
	EndGlobalSection
	GlobalSection(ProjectConfigurationPlatforms) = postSolution
		{9397F781-3BBE-45EA-8FFB-78C85F15E327}.Debug|Any CPU.ActiveCfg = Debug|Any CPU
		{9397F781-3BBE-45EA-8FFB-78C85F15E327}.Debug|Any CPU.Build.0 = Debug|Any CPU
		{9397F781-3BBE-45EA-8FFB-78C85F15E327}.Release|Any CPU.ActiveCfg = Release|Any CPU
		{9397F781-3BBE-45EA-8FFB-78C85F15E327}.Release|Any CPU.Build.0 = Release|Any CPU
	EndGlobalSection
	GlobalSection(SolutionProperties) = preSolution
		HideSolutionNode = FALSE
	EndGlobalSection
	GlobalSection(ExtensibilityGlobals) = postSolution
		SolutionGuid = {B03BD11E-BC21-4AD0-A588-05E54AA8F2A1}
	EndGlobalSection
EndGlobal
